{
  "name": "writer",
  "version": "1.0.0",
  "lockfileVersion": 2,
  "requires": true,
  "packages": {
    "": {
      "version": "1.0.0",
      "license": "ISC",
      "dependencies": {
        "chatito": "^2.1.5"
      }
    },
    "node_modules/chatito": {
      "version": "2.1.5",
      "resolved": "https://registry.npmjs.org/chatito/-/chatito-2.1.5.tgz",
      "integrity": "sha512-ETXw/5GLU8qhf8Jf/3LrTVJ8ud+PU8nW6+TG+b7ql4049zTVa2vstS/MCSuE46tszeYPfQx76vaVNriuAujQqw==",
      "dependencies": {
        "minimist": "^1.2.0"
      },
      "bin": {
        "chatito": "dist/bin.js"
      },
      "engines": {
        "node": ">=8.11.2"
      }
    },
    "node_modules/minimist": {
      "version": "1.2.5",
      "resolved": "https://registry.npmjs.org/minimist/-/minimist-1.2.5.tgz",
      "integrity": "sha512-FM9nNUYrRBAELZQT3xeZQ7fmMOBg6nWNmJKTcgsJeaLstP/UODVpGsr5OhXhhXg6f+qtJ8uiZ+PUxkDWcgIXLw=="
    }
  },
  "dependencies": {
    "chatito": {
      "version": "2.1.5",
      "resolved": "https://registry.npmjs.org/chatito/-/chatito-2.1.5.tgz",
      "integrity": "sha512-ETXw/5GLU8qhf8Jf/3LrTVJ8ud+PU8nW6+TG+b7ql4049zTVa2vstS/MCSuE46tszeYPfQx76vaVNriuAujQqw==",
      "requires": {
        "minimist": "^1.2.0"
      }
    },
    "minimist": {
      "version": "1.2.5",
      "resolved": "https://registry.npmjs.org/minimist/-/minimist-1.2.5.tgz",
      "integrity": "sha512-FM9nNUYrRBAELZQT3xeZQ7fmMOBg6nWNmJKTcgsJeaLstP/UODVpGsr5OhXhhXg6f+qtJ8uiZ+PUxkDWcgIXLw=="
    }
  }
}
